
Microsoft Visual Studio Solution File, Format Version 12.00
# Visual Studio 14
VisualStudioVersion = 14.0.25420.1
MinimumVisualStudioVersion = 10.0.40219.1
Project("{FAE04EC0-301F-11D3-BF4B-00C04F79EFBC}") = "WindowsFormsApplication1", "WindowsFormsApplication1\WindowsFormsApplication1.csproj", "{AF12D4E2-DC50-4887-A926-1E757BD3E11F}"
EndProject
Project("{FAE04EC0-301F-11D3-BF4B-00C04F79EFBC}") = "ClassLibrary1", "ClassLibrary1\ClassLibrary1.csproj", "{BBCE3873-BE11-4621-BF0A-42164DEF88BE}"
EndProject
Global
	GlobalSection(SolutionConfigurationPlatforms) = preSolution
		Debug|Any CPU = Debug|Any CPU
		Release|Any CPU = Release|Any CPU
	EndGlobalSection
	GlobalSection(ProjectConfigurationPlatforms) = postSolution
		{AF12D4E2-DC50-4887-A926-1E757BD3E11F}.Debug|Any CPU.ActiveCfg = Debug|Any CPU
		{AF12D4E2-DC50-4887-A926-1E757BD3E11F}.Debug|Any CPU.Build.0 = Debug|Any CPU
		{AF12D4E2-DC50-4887-A926-1E757BD3E11F}.Release|Any CPU.ActiveCfg = Release|Any CPU
		{AF12D4E2-DC50-4887-A926-1E757BD3E11F}.Release|Any CPU.Build.0 = Release|Any CPU
		{BBCE3873-BE11-4621-BF0A-42164DEF88BE}.Debug|Any CPU.ActiveCfg = Debug|Any CPU
		{BBCE3873-BE11-4621-BF0A-42164DEF88BE}.Debug|Any CPU.Build.0 = Debug|Any CPU
		{BBCE3873-BE11-4621-BF0A-42164DEF88BE}.Release|Any CPU.ActiveCfg = Release|Any CPU
		{BBCE3873-BE11-4621-BF0A-42164DEF88BE}.Release|Any CPU.Build.0 = Release|Any CPU
	EndGlobalSection
	GlobalSection(SolutionProperties) = preSolution
		HideSolutionNode = FALSE
	EndGlobalSection
EndGlobal
